
Microsoft Visual Studio Solution File, Format Version 12.00
# Visual Studio 15
VisualStudioVersion = 15.0.27703.2047
MinimumVisualStudioVersion = 10.0.40219.1
Project("{FAE04EC0-301F-11D3-BF4B-00C04F79EFBC}") = "Ferreteria", "Ferreteria\Ferreteria.csproj", "{752A250D-097C-404A-B2E8-EAA6AB05876B}"
EndProject
Global
	GlobalSection(SolutionConfigurationPlatforms) = preSolution
		Debug|Any CPU = Debug|Any CPU
		Release|Any CPU = Release|Any CPU
	EndGlobalSection
	GlobalSection(ProjectConfigurationPlatforms) = postSolution
		{752A250D-097C-404A-B2E8-EAA6AB05876B}.Debug|Any CPU.ActiveCfg = Debug|Any CPU
		{752A250D-097C-404A-B2E8-EAA6AB05876B}.Debug|Any CPU.Build.0 = Debug|Any CPU
		{752A250D-097C-404A-B2E8-EAA6AB05876B}.Release|Any CPU.ActiveCfg = Release|Any CPU
		{752A250D-097C-404A-B2E8-EAA6AB05876B}.Release|Any CPU.Build.0 = Release|Any CPU
	EndGlobalSection
	GlobalSection(SolutionProperties) = preSolution
		HideSolutionNode = FALSE
	EndGlobalSection
	GlobalSection(ExtensibilityGlobals) = postSolution
		SolutionGuid = {C9495E69-E3FA-4547-92CB-7058B184FA46}
	EndGlobalSection
EndGlobal
